{
  "nodes": {
    "cardano-repo-tool": {
      "flake": false,
      "locked": {
        "lastModified": 1624584417,
        "narHash": "sha256-YSepT97PagR/1jTYV/Yer8a2GjFe9+tTwaTCHxuK50M=",
        "owner": "input-output-hk",
        "repo": "cardano-repo-tool",
        "rev": "30e826ed8f00e3e154453b122a6f3d779b2f73ec",
        "type": "github"
      },
      "original": {
        "owner": "input-output-hk",
        "repo": "cardano-repo-tool",
        "type": "github"
      }
    },
    "gitignore-nix": {
      "flake": false,
      "locked": {
        "lastModified": 1611672876,
        "narHash": "sha256-qHu3uZ/o9jBHiA3MEKHJ06k7w4heOhA+4HCSIvflRxo=",
        "owner": "hercules-ci",
        "repo": "gitignore.nix",
        "rev": "211907489e9f198594c0eb0ca9256a1949c9d412",
        "type": "github"
      },
      "original": {
        "owner": "hercules-ci",
        "repo": "gitignore.nix",
        "type": "github"
      }
    },
    "hackage-nix": {
      "flake": false,
      "locked": {
        "lastModified": 1637716328,
        "narHash": "sha256-t68O60lmppBu0mm3/3htVtcl1FqYdDEaQWVy/J1XSpg=",
        "owner": "input-output-hk",
        "repo": "hackage.nix",
        "rev": "6ae3a0140ab82e21618945f125faf9cf57bc8bec",
        "type": "github"
      },
      "original": {
        "owner": "input-output-hk",
        "repo": "hackage.nix",
        "type": "github"
      }
    },
    "haskell-language-server": {
      "flake": false,
      "locked": {
        "lastModified": 1627623934,
        "narHash": "sha256-RjPRzpcfL2UNGp2IYEh3rIrBeSnpdafdJhMAvrtXrbA=",
        "owner": "haskell",
        "repo": "haskell-language-server",
        "rev": "e7c5e90b6df5dff2760d76169eddaea3bdd6a831",
        "type": "github"
      },
      "original": {
        "owner": "haskell",
        "ref": "1.3.0",
        "repo": "haskell-language-server",
        "type": "github"
      }
    },
    "haskell-nix": {
      "flake": false,
      "locked": {
        "lastModified": 1638504714,
        "narHash": "sha256-D7AYUqyO5tJupd+G6kVfqviPUliNLfpVc08nznp7yNw=",
        "owner": "input-output-hk",
        "repo": "haskell.nix",
        "rev": "244a4d87a031909121b586322eca1c96890cc68e",
        "type": "github"
      },
      "original": {
        "owner": "input-output-hk",
        "ref": "angerman/fix-ghcjs",
        "repo": "haskell.nix",
        "type": "github"
      }
    },
    "iohk-nix": {
      "flake": false,
      "locked": {
        "lastModified": 1626953580,
        "narHash": "sha256-iEI9aTOaZMGsjWzcrctrC0usmiagwKT2v1LSDe9/tMU=",
        "owner": "input-output-hk",
        "repo": "iohk-nix",
        "rev": "cbd497f5844249ef8fe617166337d59f2a6ebe90",
        "type": "github"
      },
      "original": {
        "owner": "input-output-hk",
        "repo": "iohk-nix",
        "type": "github"
      }
    },
    "nixpkgs": {
      "flake": false,
      "locked": {
        "lastModified": 1628785280,
        "narHash": "sha256-2B5eMrEr6O8ff2aQNeVxTB+9WrGE80OB4+oM6T7fOcc=",
        "owner": "NixOS",
        "repo": "nixpkgs",
        "rev": "6525bbc06a39f26750ad8ee0d40000ddfdc24acb",
        "type": "github"
      },
      "original": {
        "owner": "NixOS",
        "ref": "nixpkgs-unstable",
        "repo": "nixpkgs",
        "type": "github"
      }
    },
    "pre-commit-hooks-nix": {
      "flake": false,
      "locked": {
        "lastModified": 1624971177,
        "narHash": "sha256-Amf/nBj1E77RmbSSmV+hg6YOpR+rddCbbVgo5C7BS0I=",
        "owner": "cachix",
        "repo": "pre-commit-hooks.nix",
        "rev": "397f0713d007250a2c7a745e555fa16c5dc8cadb",
        "type": "github"
      },
      "original": {
        "owner": "cachix",
        "repo": "pre-commit-hooks.nix",
        "type": "github"
      }
    },
    "root": {
      "inputs": {
        "cardano-repo-tool": "cardano-repo-tool",
        "gitignore-nix": "gitignore-nix",
        "hackage-nix": "hackage-nix",
        "haskell-language-server": "haskell-language-server",
        "haskell-nix": "haskell-nix",
        "iohk-nix": "iohk-nix",
        "nixpkgs": "nixpkgs",
        "pre-commit-hooks-nix": "pre-commit-hooks-nix",
        "sphinxcontrib-haddock": "sphinxcontrib-haddock",
        "stackage-nix": "stackage-nix"
      }
    },
    "sphinxcontrib-haddock": {
      "flake": false,
      "locked": {
        "lastModified": 1594136664,
        "narHash": "sha256-O9YT3iCUBHP3CEF88VDLLCO2HSP3HqkNA2q2939RnVY=",
        "owner": "michaelpj",
        "repo": "sphinxcontrib-haddock",
        "rev": "f3956b3256962b2d27d5a4e96edb7951acf5de34",
        "type": "github"
      },
      "original": {
        "owner": "michaelpj",
        "repo": "sphinxcontrib-haddock",
        "type": "github"
      }
    },
    "stackage-nix": {
      "flake": false,
      "locked": {
        "lastModified": 1597712578,
        "narHash": "sha256-c/pcfZ6w5Yp//7oC0hErOGVVphBLc5vc4IZlWKZ/t6E=",
        "owner": "input-output-hk",
        "repo": "stackage.nix",
        "rev": "e32c8b06d56954865725514ce0d98d5d1867e43a",
        "type": "github"
      },
      "original": {
        "owner": "input-output-hk",
        "repo": "stackage.nix",
        "type": "github"
      }
    }
  },
  "root": "root",
  "version": 7
}
