{
  "nodes": {
    "flake-utils": {
      "locked": {
        "lastModified": 1605370193,
        "narHash": "sha256-YyMTf3URDL/otKdKgtoMChu4vfVL3vCMkRqpGifhUn0=",
        "owner": "numtide",
        "repo": "flake-utils",
        "rev": "5021eac20303a61fafe17224c087f5519baed54d",
        "type": "github"
      },
      "original": {
        "owner": "numtide",
        "repo": "flake-utils",
        "type": "github"
      }
    },
    "haskell-nix": {
      "locked": {
        "lastModified": 1607066036,
        "narHash": "sha256-0Q9YhTUq4f5g8Ax/FwQWRci7kW/TRVFuZD/YyssEuXg=",
        "owner": "input-output-hk",
        "repo": "haskell.nix",
        "rev": "180779b7f530dcd2a45c7d00541f0f3e3d8471b5",
        "type": "github"
      },
      "original": {
        "owner": "input-output-hk",
        "repo": "haskell.nix",
        "type": "github"
      }
    },
    "nixpkgs": {
      "locked": {
        "lastModified": 1604368813,
        "narHash": "sha256-UOLaURSO448k+4bGJlaSMYeo2F5F6CuFo9VoYDkhmsk=",
        "owner": "NixOS",
        "repo": "nixpkgs",
        "rev": "d105075a1fd870b1d1617a6008cb38b443e65433",
        "type": "github"
      },
      "original": {
        "owner": "NixOS",
        "repo": "nixpkgs",
        "rev": "d105075a1fd870b1d1617a6008cb38b443e65433",
        "type": "github"
      }
    },
    "root": {
      "inputs": {
        "flake-utils": "flake-utils",
        "haskell-nix": "haskell-nix",
        "nixpkgs": "nixpkgs"
      }
    }
  },
  "root": "root",
  "version": 7
}
