# THIS IS AN AUTOGENERATED FILE. DO NOT EDIT THIS FILE DIRECTLY.
# yarn lockfile v1


big-integer@^1.6.48:
  version "1.6.48"
  resolved "https://registry.yarnpkg.com/big-integer/-/big-integer-1.6.48.tgz#8fd88bd1632cba4a1c8c3e3d7159f08bb95b4b9e"
  integrity sha512-j51egjPa7/i+RdiRuJbPdJ2FIUYYPhvYLjzoYbcMMm62ooO6F94fETG4MTs46zPAF9Brs04OajboA/qTGuz78w==

chartist-plugin-axistitle@^0.0.4:
  version "0.0.4"
  resolved "https://registry.yarnpkg.com/chartist-plugin-axistitle/-/chartist-plugin-axistitle-0.0.4.tgz#102d7b84260061292dff666b918fedc955deb144"
  integrity sha512-yMZYXMfU0qibE0mt+8wXl44WdttjpcgTOAeCYlSdMwbLmlGaVLpPBl44fvMumaxuE34JGLNjWJ6twxoPUxITNg==

chartist-plugin-tooltips@^0.0.17:
  version "0.0.17"
  resolved "https://registry.yarnpkg.com/chartist-plugin-tooltips/-/chartist-plugin-tooltips-0.0.17.tgz#fc1a98eb5d3771235b6e08cd1c18cc96c2110660"
  integrity sha1-/BqY6103cSNbbgjNHBjMlsIRBmA=

chartist@^0.11.0:
  version "0.11.4"
  resolved "https://registry.yarnpkg.com/chartist/-/chartist-0.11.4.tgz#e96e1c573d8b67478920a3a6ae52359d9fc8d8b7"
  integrity sha512-H4AimxaUD738/u9Mq8t27J4lh6STsLi4BQHt65nOtpLk3xyrBPaLiLMrHw7/WV9CmsjGA02WihjuL5qpSagLYw==
