{
  "nodes": {
    "devshell": {
      "inputs": {
        "flake-utils": [
          "std",
          "flake-utils"
        ],
        "nixpkgs": [
          "std",
          "nixpkgs"
        ]
      },
      "locked": {
        "lastModified": 1658746384,
        "narHash": "sha256-CCJcoMOcXyZFrV1ag4XMTpAPjLWb4Anbv+ktXFI1ry0=",
        "owner": "numtide",
        "repo": "devshell",
        "rev": "0ffc7937bb5e8141af03d462b468bd071eb18e1b",
        "type": "github"
      },
      "original": {
        "owner": "numtide",
        "repo": "devshell",
        "type": "github"
      }
    },
    "dmerge": {
      "inputs": {
        "nixlib": [
          "std",
          "nixpkgs"
        ],
        "yants": [
          "std",
          "yants"
        ]
      },
      "locked": {
        "lastModified": 1659548052,
        "narHash": "sha256-fzI2gp1skGA8mQo/FBFrUAtY0GQkAIAaV/V127TJPyY=",
        "owner": "divnix",
        "repo": "data-merge",
        "rev": "d160d18ce7b1a45b88344aa3f13ed1163954b497",
        "type": "github"
      },
      "original": {
        "owner": "divnix",
        "repo": "data-merge",
        "type": "github"
      }
    },
    "flake-utils": {
      "locked": {
        "lastModified": 1656928814,
        "narHash": "sha256-RIFfgBuKz6Hp89yRr7+NR5tzIAbn52h8vT6vXkYjZoM=",
        "owner": "numtide",
        "repo": "flake-utils",
        "rev": "7e2a3b3dfd9af950a856d66b0a7d01e3c18aa249",
        "type": "github"
      },
      "original": {
        "owner": "numtide",
        "repo": "flake-utils",
        "type": "github"
      }
    },
    "hackage-nix": {
      "flake": false,
      "locked": {
        "lastModified": 1659230043,
        "narHash": "sha256-YQdiUsDpJ+//OKUwPqUYb2Yj4EQWPYR8UNbfnPQIaUM=",
        "owner": "input-output-hk",
        "repo": "hackage.nix",
        "rev": "273bd35f0de3b4a944bbe57510d80c4939150f41",
        "type": "github"
      },
      "original": {
        "owner": "input-output-hk",
        "repo": "hackage.nix",
        "type": "github"
      }
    },
    "haskell-nix": {
      "flake": false,
      "locked": {
        "lastModified": 1659260510,
        "narHash": "sha256-VNrw6Pc/vnkQ0xzaoJAJZjQcUQB50hlYdP4S4vz+5gg=",
        "owner": "input-output-hk",
        "repo": "haskell.nix",
        "rev": "c2f14344f119f68c10be2ea84fd372d8d8d16cd7",
        "type": "github"
      },
      "original": {
        "owner": "input-output-hk",
        "repo": "haskell.nix",
        "type": "github"
      }
    },
    "mdbook-kroki-preprocessor": {
      "flake": false,
      "locked": {
        "lastModified": 1655670640,
        "narHash": "sha256-JjqdxftHBjABTkOpFl3cWUJtc/KGwkQ3NRWGLjH2oUs=",
        "owner": "JoelCourtney",
        "repo": "mdbook-kroki-preprocessor",
        "rev": "bb6e607437ecc3f22fd9036acee6b797a5b45dbc",
        "type": "github"
      },
      "original": {
        "owner": "JoelCourtney",
        "repo": "mdbook-kroki-preprocessor",
        "type": "github"
      }
    },
    "nixago": {
      "inputs": {
        "flake-utils": [
          "std",
          "flake-utils"
        ],
        "nixago-exts": "nixago-exts",
        "nixpkgs": [
          "std",
          "nixpkgs"
        ]
      },
      "locked": {
        "lastModified": 1659153038,
        "narHash": "sha256-g4npRU8YBR7CAqMF0SyXtkHnoY9q+NcxvZwcc6UvLBc=",
        "owner": "nix-community",
        "repo": "nixago",
        "rev": "608abdd0fe6729d1f7244e03f1a7f8a5d6408898",
        "type": "github"
      },
      "original": {
        "owner": "nix-community",
        "repo": "nixago",
        "type": "github"
      }
    },
    "nixago-exts": {
      "locked": {
        "lastModified": 1625557891,
        "narHash": "sha256-O8/MWsPBGhhyPoPLHZAuoZiiHo9q6FLlEeIDEXuj6T4=",
        "owner": "divnix",
        "repo": "blank",
        "rev": "5a5d2684073d9f563072ed07c871d577a6c614a8",
        "type": "github"
      },
      "original": {
        "owner": "nix-community",
        "repo": "nixago-extensions",
        "type": "github"
      }
    },
    "nixpkgs": {
      "locked": {
        "lastModified": 1652632955,
        "narHash": "sha256-cSxiAaS8ozw63rLJHdN6RPwhA4lY2XeC/J+uggodYXw=",
        "owner": "NixOS",
        "repo": "nixpkgs",
        "rev": "34e4df55664c24df350f59adba8c7a042dece61e",
        "type": "github"
      },
      "original": {
        "owner": "NixOS",
        "repo": "nixpkgs",
        "rev": "34e4df55664c24df350f59adba8c7a042dece61e",
        "type": "github"
      }
    },
    "root": {
      "inputs": {
        "hackage-nix": "hackage-nix",
        "haskell-nix": "haskell-nix",
        "nixpkgs": "nixpkgs",
        "sphinxcontrib-haddock": "sphinxcontrib-haddock",
        "std": "std"
      }
    },
    "sphinxcontrib-haddock": {
      "flake": false,
      "locked": {
        "lastModified": 1594136664,
        "narHash": "sha256-O9YT3iCUBHP3CEF88VDLLCO2HSP3HqkNA2q2939RnVY=",
        "owner": "michaelpj",
        "repo": "sphinxcontrib-haddock",
        "rev": "f3956b3256962b2d27d5a4e96edb7951acf5de34",
        "type": "github"
      },
      "original": {
        "owner": "michaelpj",
        "repo": "sphinxcontrib-haddock",
        "type": "github"
      }
    },
    "std": {
      "inputs": {
        "devshell": "devshell",
        "dmerge": "dmerge",
        "flake-utils": "flake-utils",
        "mdbook-kroki-preprocessor": "mdbook-kroki-preprocessor",
        "nixago": "nixago",
        "nixpkgs": [
          "nixpkgs"
        ],
        "yants": "yants"
      },
      "locked": {
        "lastModified": 1661370377,
        "narHash": "sha256-LBKuwWajbv8osh5doIh7H8MQJgcdqjCGY0pW5eI/0Zk=",
        "owner": "divnix",
        "repo": "std",
        "rev": "92503146d322c0c1ec3f2567925711b5fb59f7e2",
        "type": "github"
      },
      "original": {
        "owner": "divnix",
        "repo": "std",
        "type": "github"
      }
    },
    "yants": {
      "inputs": {
        "nixpkgs": [
          "std",
          "nixpkgs"
        ]
      },
      "locked": {
        "lastModified": 1645126146,
        "narHash": "sha256-XQ1eg4gzXoc7Tl8iXak1uCt3KnsTyxqPtLE+vOoDnrQ=",
        "owner": "divnix",
        "repo": "yants",
        "rev": "77df2be1b3cce9f571c6cf451f786b266a6869cc",
        "type": "github"
      },
      "original": {
        "owner": "divnix",
        "repo": "yants",
        "type": "github"
      }
    }
  },
  "root": "root",
  "version": 7
}
